
Microsoft Visual Studio Solution File, Format Version 12.00
# Visual Studio Version 16
VisualStudioVersion = 16.0.31729.503
MinimumVisualStudioVersion = 10.0.40219.1
Project("{FAE04EC0-301F-11D3-BF4B-00C04F79EFBC}") = "dz6", "dz6\dz6.csproj", "{44AD4467-18F8-4DD2-9637-EDE9C967BF30}"
EndProject
Global
	GlobalSection(SolutionConfigurationPlatforms) = preSolution
		Debug|Any CPU = Debug|Any CPU
		Release|Any CPU = Release|Any CPU
	EndGlobalSection
	GlobalSection(ProjectConfigurationPlatforms) = postSolution
		{44AD4467-18F8-4DD2-9637-EDE9C967BF30}.Debug|Any CPU.ActiveCfg = Debug|Any CPU
		{44AD4467-18F8-4DD2-9637-EDE9C967BF30}.Debug|Any CPU.Build.0 = Debug|Any CPU
		{44AD4467-18F8-4DD2-9637-EDE9C967BF30}.Release|Any CPU.ActiveCfg = Release|Any CPU
		{44AD4467-18F8-4DD2-9637-EDE9C967BF30}.Release|Any CPU.Build.0 = Release|Any CPU
	EndGlobalSection
	GlobalSection(SolutionProperties) = preSolution
		HideSolutionNode = FALSE
	EndGlobalSection
	GlobalSection(ExtensibilityGlobals) = postSolution
		SolutionGuid = {BCE241EA-1A66-4333-AB40-69B96F61D327}
	EndGlobalSection
EndGlobal
