
Microsoft Visual Studio Solution File, Format Version 12.00
# Visual Studio Version 17
VisualStudioVersion = 17.0.31919.166
MinimumVisualStudioVersion = 10.0.40219.1
Project("{FAE04EC0-301F-11D3-BF4B-00C04F79EFBC}") = "WpfApp4", "WpfApp4\WpfApp4.csproj", "{1D8E0F16-B100-481B-9344-4420B5557C22}"
EndProject
Global
	GlobalSection(SolutionConfigurationPlatforms) = preSolution
		Debug|Any CPU = Debug|Any CPU
		Release|Any CPU = Release|Any CPU
	EndGlobalSection
	GlobalSection(ProjectConfigurationPlatforms) = postSolution
		{1D8E0F16-B100-481B-9344-4420B5557C22}.Debug|Any CPU.ActiveCfg = Debug|Any CPU
		{1D8E0F16-B100-481B-9344-4420B5557C22}.Debug|Any CPU.Build.0 = Debug|Any CPU
		{1D8E0F16-B100-481B-9344-4420B5557C22}.Release|Any CPU.ActiveCfg = Release|Any CPU
		{1D8E0F16-B100-481B-9344-4420B5557C22}.Release|Any CPU.Build.0 = Release|Any CPU
	EndGlobalSection
	GlobalSection(SolutionProperties) = preSolution
		HideSolutionNode = FALSE
	EndGlobalSection
	GlobalSection(ExtensibilityGlobals) = postSolution
		SolutionGuid = {6CADE081-6184-4B4B-B205-152DAA456A29}
	EndGlobalSection
EndGlobal
