
Microsoft Visual Studio Solution File, Format Version 12.00
# Visual Studio Version 17
VisualStudioVersion = 17.0.32014.148
MinimumVisualStudioVersion = 10.0.40219.1
Project("{9A19103F-16F7-4668-BE54-9A1E7A4F7556}") = "Calculator", "Calculator\Calculator.csproj", "{3BC3BA99-4354-4C08-8799-F566A76D68F6}"
EndProject
Project("{9A19103F-16F7-4668-BE54-9A1E7A4F7556}") = "EX", "EX\EX.csproj", "{A3898DA0-EF25-4C5F-B3F9-25F2034A96EE}"
EndProject
Global
	GlobalSection(SolutionConfigurationPlatforms) = preSolution
		Debug|Any CPU = Debug|Any CPU
		Release|Any CPU = Release|Any CPU
	EndGlobalSection
	GlobalSection(ProjectConfigurationPlatforms) = postSolution
		{3BC3BA99-4354-4C08-8799-F566A76D68F6}.Debug|Any CPU.ActiveCfg = Debug|Any CPU
		{3BC3BA99-4354-4C08-8799-F566A76D68F6}.Debug|Any CPU.Build.0 = Debug|Any CPU
		{3BC3BA99-4354-4C08-8799-F566A76D68F6}.Release|Any CPU.ActiveCfg = Release|Any CPU
		{3BC3BA99-4354-4C08-8799-F566A76D68F6}.Release|Any CPU.Build.0 = Release|Any CPU
		{A3898DA0-EF25-4C5F-B3F9-25F2034A96EE}.Debug|Any CPU.ActiveCfg = Debug|Any CPU
		{A3898DA0-EF25-4C5F-B3F9-25F2034A96EE}.Debug|Any CPU.Build.0 = Debug|Any CPU
		{A3898DA0-EF25-4C5F-B3F9-25F2034A96EE}.Release|Any CPU.ActiveCfg = Release|Any CPU
		{A3898DA0-EF25-4C5F-B3F9-25F2034A96EE}.Release|Any CPU.Build.0 = Release|Any CPU
	EndGlobalSection
	GlobalSection(SolutionProperties) = preSolution
		HideSolutionNode = FALSE
	EndGlobalSection
	GlobalSection(ExtensibilityGlobals) = postSolution
		SolutionGuid = {784814E0-E1BC-4AC3-AB71-56859E87D1AA}
	EndGlobalSection
EndGlobal
