
Microsoft Visual Studio Solution File, Format Version 12.00
# Visual Studio Version 16
VisualStudioVersion = 16.0.31515.178
MinimumVisualStudioVersion = 10.0.40219.1
Project("{FAE04EC0-301F-11D3-BF4B-00C04F79EFBC}") = "dz_5", "dz_5\dz_5.csproj", "{B2D04E57-C9A5-4489-AF78-2E1F3A3A4E87}"
EndProject
Global
	GlobalSection(SolutionConfigurationPlatforms) = preSolution
		Debug|Any CPU = Debug|Any CPU
		Release|Any CPU = Release|Any CPU
	EndGlobalSection
	GlobalSection(ProjectConfigurationPlatforms) = postSolution
		{B2D04E57-C9A5-4489-AF78-2E1F3A3A4E87}.Debug|Any CPU.ActiveCfg = Debug|Any CPU
		{B2D04E57-C9A5-4489-AF78-2E1F3A3A4E87}.Debug|Any CPU.Build.0 = Debug|Any CPU
		{B2D04E57-C9A5-4489-AF78-2E1F3A3A4E87}.Release|Any CPU.ActiveCfg = Release|Any CPU
		{B2D04E57-C9A5-4489-AF78-2E1F3A3A4E87}.Release|Any CPU.Build.0 = Release|Any CPU
	EndGlobalSection
	GlobalSection(SolutionProperties) = preSolution
		HideSolutionNode = FALSE
	EndGlobalSection
	GlobalSection(ExtensibilityGlobals) = postSolution
		SolutionGuid = {DD475395-4A0F-470F-9A21-998E63AE9A74}
	EndGlobalSection
EndGlobal
